
Microsoft Visual Studio Solution File, Format Version 12.00
# Visual Studio Version 17
VisualStudioVersion = 17.14.36310.24 d17.14
MinimumVisualStudioVersion = 10.0.40219.1
Project("{FAE04EC0-301F-11D3-BF4B-00C04F79EFBC}") = "floristeria-colibri", "floristeria-colibri\floristeria-colibri.csproj", "{66D9B29A-29D0-4216-8738-534B619D837B}"
EndProject
Global
	GlobalSection(SolutionConfigurationPlatforms) = preSolution
		Debug|Any CPU = Debug|Any CPU
		Release|Any CPU = Release|Any CPU
	EndGlobalSection
	GlobalSection(ProjectConfigurationPlatforms) = postSolution
		{66D9B29A-29D0-4216-8738-534B619D837B}.Debug|Any CPU.ActiveCfg = Debug|Any CPU
		{66D9B29A-29D0-4216-8738-534B619D837B}.Debug|Any CPU.Build.0 = Debug|Any CPU
		{66D9B29A-29D0-4216-8738-534B619D837B}.Release|Any CPU.ActiveCfg = Release|Any CPU
		{66D9B29A-29D0-4216-8738-534B619D837B}.Release|Any CPU.Build.0 = Release|Any CPU
	EndGlobalSection
	GlobalSection(SolutionProperties) = preSolution
		HideSolutionNode = FALSE
	EndGlobalSection
	GlobalSection(ExtensibilityGlobals) = postSolution
		SolutionGuid = {7E044A65-B79F-4607-9CD6-4CE200E53F30}
	EndGlobalSection
EndGlobal
